// !$*UTF8*$!
{
	archiveVersion = 1;
	classes = {
	};
	objectVersion = 50;
	objects = {

/* Begin PBXBuildFile section */
		2EA1ED7721B4C56E004008AD /* AppDelegate.m in Sources */ = {isa = PBXBuildFile; fileRef = 2EA1ED7621B4C56E004008AD /* AppDelegate.m */; };
		2EA1ED7A21B4C56E004008AD /* ViewController.m in Sources */ = {isa = PBXBuildFile; fileRef = 2EA1ED7921B4C56E004008AD /* ViewController.m */; };
		2EA1ED7D21B4C56E004008AD /* Main.storyboard in Resources */ = {isa = PBXBuildFile; fileRef = 2EA1ED7B21B4C56E004008AD /* Main.storyboard */; };
		2EA1ED7F21B4C570004008AD /* Assets.xcassets in Resources */ = {isa = PBXBuildFile; fileRef = 2EA1ED7E21B4C570004008AD /* Assets.xcassets */; };
		2EA1ED8221B4C570004008AD /* LaunchScreen.storyboard in Resources */ = {isa = PBXBuildFile; fileRef = 2EA1ED8021B4C570004008AD /* LaunchScreen.storyboard */; };
		2EA1ED8521B4C570004008AD /* main.m in Sources */ = {isa = PBXBuildFile; fileRef = 2EA1ED8421B4C570004008AD /* main.m */; };
		2EA1ED8D21B4C593004008AD /* Person.m in Sources */ = {isa = PBXBuildFile; fileRef = 2EA1ED8C21B4C593004008AD /* Person.m */; };
		2EA1ED9121B4CE94004008AD /* Cat.m in Sources */ = {isa = PBXBuildFile; fileRef = 2EA1ED8F21B4CE94004008AD /* Cat.m */; };
		2EA1ED9421B4D011004008AD /* Dog.m in Sources */ = {isa = PBXBuildFile; fileRef = 2EA1ED9321B4D011004008AD /* Dog.m */; };
/* End PBXBuildFile section */

/* Begin PBXFileReference section */
		2EA1ED7221B4C56E004008AD /* HSTest.app */ = {isa = PBXFileReference; explicitFileType = wrapper.application; includeInIndex = 0; path = HSTest.app; sourceTree = BUILT_PRODUCTS_DIR; };
		2EA1ED7521B4C56E004008AD /* AppDelegate.h */ = {isa = PBXFileReference; lastKnownFileType = sourcecode.c.h; path = AppDelegate.h; sourceTree = "<group>"; };
		2EA1ED7621B4C56E004008AD /* AppDelegate.m */ = {isa = PBXFileReference; lastKnownFileType = sourcecode.c.objc; path = AppDelegate.m; sourceTree = "<group>"; };
		2EA1ED7821B4C56E004008AD /* ViewController.h */ = {isa = PBXFileReference; lastKnownFileType = sourcecode.c.h; path = ViewController.h; sourceTree = "<group>"; };
		2EA1ED7921B4C56E004008AD /* ViewController.m */ = {isa = PBXFileReference; lastKnownFileType = sourcecode.c.objc; path = ViewController.m; sourceTree = "<group>"; };
		2EA1ED7C21B4C56E004008AD /* Base */ = {isa = PBXFileReference; lastKnownFileType = file.storyboard; name = Base; path = Base.lproj/Main.storyboard; sourceTree = "<group>"; };
		2EA1ED7E21B4C570004008AD /* Assets.xcassets */ = {isa = PBXFileReference; lastKnownFileType = folder.assetcatalog; path = Assets.xcassets; sourceTree = "<group>"; };
		2EA1ED8121B4C570004008AD /* Base */ = {isa = PBXFileReference; lastKnownFileType = file.storyboard; name = Base; path = Base.lproj/LaunchScreen.storyboard; sourceTree = "<group>"; };
		2EA1ED8321B4C570004008AD /* Info.plist */ = {isa = PBXFileReference; lastKnownFileType = text.plist.xml; path = Info.plist; sourceTree = "<group>"; };
		2EA1ED8421B4C570004008AD /* main.m */ = {isa = PBXFileReference; lastKnownFileType = sourcecode.c.objc; path = main.m; sourceTree = "<group>"; };
		2EA1ED8B21B4C593004008AD /* Person.h */ = {isa = PBXFileReference; lastKnownFileType = sourcecode.c.h; path = Person.h; sourceTree = "<group>"; };
		2EA1ED8C21B4C593004008AD /* Person.m */ = {isa = PBXFileReference; lastKnownFileType = sourcecode.c.objc; path = Person.m; sourceTree = "<group>"; };
		2EA1ED8F21B4CE94004008AD /* Cat.m */ = {isa = PBXFileReference; fileEncoding = 4; lastKnownFileType = sourcecode.c.objc; path = Cat.m; sourceTree = "<group>"; };
		2EA1ED9021B4CE94004008AD /* Cat.h */ = {isa = PBXFileReference; fileEncoding = 4; lastKnownFileType = sourcecode.c.h; path = Cat.h; sourceTree = "<group>"; };
		2EA1ED9221B4D011004008AD /* Dog.h */ = {isa = PBXFileReference; lastKnownFileType = sourcecode.c.h; path = Dog.h; sourceTree = "<group>"; };
		2EA1ED9321B4D011004008AD /* Dog.m */ = {isa = PBXFileReference; lastKnownFileType = sourcecode.c.objc; path = Dog.m; sourceTree = "<group>"; };
/* End PBXFileReference section */

/* Begin PBXFrameworksBuildPhase section */
		2EA1ED6F21B4C56E004008AD /* Frameworks */ = {
			isa = PBXFrameworksBuildPhase;
			buildActionMask = 2147483647;
			files = (
			);
			runOnlyForDeploymentPostprocessing = 0;
		};
/* End PBXFrameworksBuildPhase section */

/* Begin PBXGroup section */
		2EA1ED6921B4C56E004008AD = {
			isa = PBXGroup;
			children = (
				2EA1ED8E21B4CE94004008AD /* Classes */,
				2EA1ED7421B4C56E004008AD /* HSTest */,
				2EA1ED7321B4C56E004008AD /* Products */,
			);
			sourceTree = "<group>";
		};
		2EA1ED7321B4C56E004008AD /* Products */ = {
			isa = PBXGroup;
			children = (
				2EA1ED7221B4C56E004008AD /* HSTest.app */,
			);
			name = Products;
			sourceTree = "<group>";
		};
		2EA1ED7421B4C56E004008AD /* HSTest */ = {
			isa = PBXGroup;
			children = (
				2EA1ED7521B4C56E004008AD /* AppDelegate.h */,
				2EA1ED7621B4C56E004008AD /* AppDelegate.m */,
				2EA1ED7821B4C56E004008AD /* ViewController.h */,
				2EA1ED7921B4C56E004008AD /* ViewController.m */,
				2EA1ED8B21B4C593004008AD /* Person.h */,
				2EA1ED8C21B4C593004008AD /* Person.m */,
				2EA1ED7B21B4C56E004008AD /* Main.storyboard */,
				2EA1ED7E21B4C570004008AD /* Assets.xcassets */,
				2EA1ED8021B4C570004008AD /* LaunchScreen.storyboard */,
				2EA1ED8321B4C570004008AD /* Info.plist */,
				2EA1ED8421B4C570004008AD /* main.m */,
			);
			path = HSTest;
			sourceTree = "<group>";
		};
		2EA1ED8E21B4CE94004008AD /* Classes */ = {
			isa = PBXGroup;
			children = (
				2EA1ED8F21B4CE94004008AD /* Cat.m */,
				2EA1ED9021B4CE94004008AD /* Cat.h */,
				2EA1ED9221B4D011004008AD /* Dog.h */,
				2EA1ED9321B4D011004008AD /* Dog.m */,
			);
			path = Classes;
			sourceTree = "<group>";
		};
/* End PBXGroup section */

/* Begin PBXNativeTarget section */
		2EA1ED7121B4C56E004008AD /* HSTest */ = {
			isa = PBXNativeTarget;
			buildConfigurationList = 2EA1ED8821B4C570004008AD /* Build configuration list for PBXNativeTarget "HSTest" */;
			buildPhases = (
				2EA1ED6E21B4C56E004008AD /* Sources */,
				2EA1ED6F21B4C56E004008AD /* Frameworks */,
				2EA1ED7021B4C56E004008AD /* Resources */,
			);
			buildRules = (
			);
			dependencies = (
			);
			name = HSTest;
			productName = HSTest;
			productReference = 2EA1ED7221B4C56E004008AD /* HSTest.app */;
			productType = "com.apple.product-type.application";
		};
/* End PBXNativeTarget section */

/* Begin PBXProject section */
		2EA1ED6A21B4C56E004008AD /* Project object */ = {
			isa = PBXProject;
			attributes = {
				LastUpgradeCheck = 1010;
				ORGANIZATIONNAME = AlazyWang;
				TargetAttributes = {
					2EA1ED7121B4C56E004008AD = {
						CreatedOnToolsVersion = 10.1;
					};
				};
			};
			buildConfigurationList = 2EA1ED6D21B4C56E004008AD /* Build configuration list for PBXProject "HSTest" */;
			compatibilityVersion = "Xcode 9.3";
			developmentRegion = en;
			hasScannedForEncodings = 0;
			knownRegions = (
				en,
				Base,
			);
			mainGroup = 2EA1ED6921B4C56E004008AD;
			productRefGroup = 2EA1ED7321B4C56E004008AD /* Products */;
			projectDirPath = "";
			projectRoot = "";
			targets = (
				2EA1ED7121B4C56E004008AD /* HSTest */,
			);
		};
/* End PBXProject section */

/* Begin PBXResourcesBuildPhase section */
		2EA1ED7021B4C56E004008AD /* Resources */ = {
			isa = PBXResourcesBuildPhase;
			buildActionMask = 2147483647;
			files = (
				2EA1ED8221B4C570004008AD /* LaunchScreen.storyboard in Resources */,
				2EA1ED7F21B4C570004008AD /* Assets.xcassets in Resources */,
				2EA1ED7D21B4C56E004008AD /* Main.storyboard in Resources */,
			);
			runOnlyForDeploymentPostprocessing = 0;
		};
/* End PBXResourcesBuildPhase section */

/* Begin PBXSourcesBuildPhase section */
		2EA1ED6E21B4C56E004008AD /* Sources */ = {
			isa = PBXSourcesBuildPhase;
			buildActionMask = 2147483647;
			files = (
				2EA1ED9421B4D011004008AD /* Dog.m in Sources */,
				2EA1ED7A21B4C56E004008AD /* ViewController.m in Sources */,
				2EA1ED8521B4C570004008AD /* main.m in Sources */,
				2EA1ED8D21B4C593004008AD /* Person.m in Sources */,
				2EA1ED7721B4C56E004008AD /* AppDelegate.m in Sources */,
				2EA1ED9121B4CE94004008AD /* Cat.m in Sources */,
			);
			runOnlyForDeploymentPostprocessing = 0;
		};
/* End PBXSourcesBuildPhase section */

/* Begin PBXVariantGroup section */
		2EA1ED7B21B4C56E004008AD /* Main.storyboard */ = {
			isa = PBXVariantGroup;
			children = (
				2EA1ED7C21B4C56E004008AD /* Base */,
			);
			name = Main.storyboard;
			sourceTree = "<group>";
		};
		2EA1ED8021B4C570004008AD /* LaunchScreen.storyboard */ = {
			isa = PBXVariantGroup;
			children = (
				2EA1ED8121B4C570004008AD /* Base */,
			);
			name = LaunchScreen.storyboard;
			sourceTree = "<group>";
		};
/* End PBXVariantGroup section */

/* Begin XCBuildConfiguration section */
		2EA1ED8621B4C570004008AD /* Debug */ = {
			isa = XCBuildConfiguration;
			buildSettings = {
				ALWAYS_SEARCH_USER_PATHS = NO;
				CLANG_ANALYZER_NONNULL = YES;
				CLANG_ANALYZER_NUMBER_OBJECT_CONVERSION = YES_AGGRESSIVE;
				CLANG_CXX_LANGUAGE_STANDARD = "gnu++14";
				CLANG_CXX_LIBRARY = "libc++";
				CLANG_ENABLE_MODULES = YES;
				CLANG_ENABLE_OBJC_ARC = YES;
				CLANG_ENABLE_OBJC_WEAK = YES;
				CLANG_WARN_BLOCK_CAPTURE_AUTORELEASING = YES;
				CLANG_WARN_BOOL_CONVERSION = YES;
				CLANG_WARN_COMMA = YES;
				CLANG_WARN_CONSTANT_CONVERSION = YES;
				CLANG_WARN_DEPRECATED_OBJC_IMPLEMENTATIONS = YES;
				CLANG_WARN_DIRECT_OBJC_ISA_USAGE = YES_ERROR;
				CLANG_WARN_DOCUMENTATION_COMMENTS = YES;
				CLANG_WARN_EMPTY_BODY = YES;
				CLANG_WARN_ENUM_CONVERSION = YES;
				CLANG_WARN_INFINITE_RECURSION = YES;
				CLANG_WARN_INT_CONVERSION = YES;
				CLANG_WARN_NON_LITERAL_NULL_CONVERSION = YES;
				CLANG_WARN_OBJC_IMPLICIT_RETAIN_SELF = YES;
				CLANG_WARN_OBJC_LITERAL_CONVERSION = YES;
				CLANG_WARN_OBJC_ROOT_CLASS = YES_ERROR;
				CLANG_WARN_RANGE_LOOP_ANALYSIS = YES;
				CLANG_WARN_STRICT_PROTOTYPES = YES;
				CLANG_WARN_SUSPICIOUS_MOVE = YES;
				CLANG_WARN_UNGUARDED_AVAILABILITY = YES_AGGRESSIVE;
				CLANG_WARN_UNREACHABLE_CODE = YES;
				CLANG_WARN__DUPLICATE_METHOD_MATCH = YES;
				CODE_SIGN_IDENTITY = "iPhone Developer";
				COPY_PHASE_STRIP = NO;
				DEBUG_INFORMATION_FORMAT = dwarf;
				ENABLE_STRICT_OBJC_MSGSEND = YES;
				ENABLE_TESTABILITY = YES;
				GCC_C_LANGUAGE_STANDARD = gnu11;
				GCC_DYNAMIC_NO_PIC = NO;
				GCC_NO_COMMON_BLOCKS = YES;
				GCC_OPTIMIZATION_LEVEL = 0;
				GCC_PREPROCESSOR_DEFINITIONS = (
					"DEBUG=1",
					"$(inherited)",
				);
				GCC_WARN_64_TO_32_BIT_CONVERSION = YES;
				GCC_WARN_ABOUT_RETURN_TYPE = YES_ERROR;
				GCC_WARN_UNDECLARED_SELECTOR = YES;
				GCC_WARN_UNINITIALIZED_AUTOS = YES_AGGRESSIVE;
				GCC_WARN_UNUSED_FUNCTION = YES;
				GCC_WARN_UNUSED_VARIABLE = YES;
				IPHONEOS_DEPLOYMENT_TARGET = 9.0;
				MTL_ENABLE_DEBUG_INFO = INCLUDE_SOURCE;
				MTL_FAST_MATH = YES;
				ONLY_ACTIVE_ARCH = YES;
				SDKROOT = iphoneos;
			};
			name = Debug;
		};
		2EA1ED8721B4C570004008AD /* Release */ = {
			isa = XCBuildConfiguration;
			buildSettings = {
				ALWAYS_SEARCH_USER_PATHS = NO;
				CLANG_ANALYZER_NONNULL = YES;
				CLANG_ANALYZER_NUMBER_OBJECT_CONVERSION = YES_AGGRESSIVE;
				CLANG_CXX_LANGUAGE_STANDARD = "gnu++14";
				CLANG_CXX_LIBRARY = "libc++";
				CLANG_ENABLE_MODULES = YES;
				CLANG_ENABLE_OBJC_ARC = YES;
				CLANG_ENABLE_OBJC_WEAK = YES;
				CLANG_WARN_BLOCK_CAPTURE_AUTORELEASING = YES;
				CLANG_WARN_BOOL_CONVERSION = YES;
				CLANG_WARN_COMMA = YES;
				CLANG_WARN_CONSTANT_CONVERSION = YES;
				CLANG_WARN_DEPRECATED_OBJC_IMPLEMENTATIONS = YES;
				CLANG_WARN_DIRECT_OBJC_ISA_USAGE = YES_ERROR;
				CLANG_WARN_DOCUMENTATION_COMMENTS = YES;
				CLANG_WARN_EMPTY_BODY = YES;
				CLANG_WARN_ENUM_CONVERSION = YES;
				CLANG_WARN_INFINITE_RECURSION = YES;
				CLANG_WARN_INT_CONVERSION = YES;
				CLANG_WARN_NON_LITERAL_NULL_CONVERSION = YES;
				CLANG_WARN_OBJC_IMPLICIT_RETAIN_SELF = YES;
				CLANG_WARN_OBJC_LITERAL_CONVERSION = YES;
				CLANG_WARN_OBJC_ROOT_CLASS = YES_ERROR;
				CLANG_WARN_RANGE_LOOP_ANALYSIS = YES;
				CLANG_WARN_STRICT_PROTOTYPES = YES;
				CLANG_WARN_SUSPICIOUS_MOVE = YES;
				CLANG_WARN_UNGUARDED_AVAILABILITY = YES_AGGRESSIVE;
				CLANG_WARN_UNREACHABLE_CODE = YES;
				CLANG_WARN__DUPLICATE_METHOD_MATCH = YES;
				CODE_SIGN_IDENTITY = "iPhone Developer";
				COPY_PHASE_STRIP = NO;
				DEBUG_INFORMATION_FORMAT = "dwarf-with-dsym";
				ENABLE_NS_ASSERTIONS = NO;
				ENABLE_STRICT_OBJC_MSGSEND = YES;
				GCC_C_LANGUAGE_STANDARD = gnu11;
				GCC_NO_COMMON_BLOCKS = YES;
				GCC_WARN_64_TO_32_BIT_CONVERSION = YES;
				GCC_WARN_ABOUT_RETURN_TYPE = YES_ERROR;
				GCC_WARN_UNDECLARED_SELECTOR = YES;
				GCC_WARN_UNINITIALIZED_AUTOS = YES_AGGRESSIVE;
				GCC_WARN_UNUSED_FUNCTION = YES;
				GCC_WARN_UNUSED_VARIABLE = YES;
				IPHONEOS_DEPLOYMENT_TARGET = 9.0;
				MTL_ENABLE_DEBUG_INFO = NO;
				MTL_FAST_MATH = YES;
				SDKROOT = iphoneos;
				VALIDATE_PRODUCT = YES;
			};
			name = Release;
		};
		2EA1ED8921B4C570004008AD /* Debug */ = {
			isa = XCBuildConfiguration;
			buildSettings = {
				ASSETCATALOG_COMPILER_APPICON_NAME = AppIcon;
				CODE_SIGN_STYLE = Automatic;
				INFOPLIST_FILE = HSTest/Info.plist;
				LD_RUNPATH_SEARCH_PATHS = (
					"$(inherited)",
					"@executable_path/Frameworks",
				);
				PRODUCT_BUNDLE_IDENTIFIER = "-.HSTest";
				PRODUCT_NAME = "$(TARGET_NAME)";
				TARGETED_DEVICE_FAMILY = "1,2";
			};
			name = Debug;
		};
		2EA1ED8A21B4C570004008AD /* Release */ = {
			isa = XCBuildConfiguration;
			buildSettings = {
				ASSETCATALOG_COMPILER_APPICON_NAME = AppIcon;
				CODE_SIGN_STYLE = Automatic;
				INFOPLIST_FILE = HSTest/Info.plist;
				LD_RUNPATH_SEARCH_PATHS = (
					"$(inherited)",
					"@executable_path/Frameworks",
				);
				PRODUCT_BUNDLE_IDENTIFIER = "-.HSTest";
				PRODUCT_NAME = "$(TARGET_NAME)";
				TARGETED_DEVICE_FAMILY = "1,2";
			};
			name = Release;
		};
/* End XCBuildConfiguration section */

/* Begin XCConfigurationList section */
		2EA1ED6D21B4C56E004008AD /* Build configuration list for PBXProject "HSTest" */ = {
			isa = XCConfigurationList;
			buildConfigurations = (
				2EA1ED8621B4C570004008AD /* Debug */,
				2EA1ED8721B4C570004008AD /* Release */,
			);
			defaultConfigurationIsVisible = 0;
			defaultConfigurationName = Release;
		};
		2EA1ED8821B4C570004008AD /* Build configuration list for PBXNativeTarget "HSTest" */ = {
			isa = XCConfigurationList;
			buildConfigurations = (
				2EA1ED8921B4C570004008AD /* Debug */,
				2EA1ED8A21B4C570004008AD /* Release */,
			);
			defaultConfigurationIsVisible = 0;
			defaultConfigurationName = Release;
		};
/* End XCConfigurationList section */
	};
	rootObject = 2EA1ED6A21B4C56E004008AD /* Project object */;
}
